
Microsoft Visual Studio Solution File, Format Version 12.00
# Visual Studio Version 16
VisualStudioVersion = 16.0.29728.190
MinimumVisualStudioVersion = 10.0.40219.1
Project("{FAE04EC0-301F-11D3-BF4B-00C04F79EFBC}") = "Karamtara_Application", "Karamtara_Application\Karamtara_Application.csproj", "{B0DC0B01-3905-44EE-95EA-4B1D36818486}"
EndProject
Global
	GlobalSection(SolutionConfigurationPlatforms) = preSolution
		Debug|Any CPU = Debug|Any CPU
		Release|Any CPU = Release|Any CPU
	EndGlobalSection
	GlobalSection(ProjectConfigurationPlatforms) = postSolution
		{B0DC0B01-3905-44EE-95EA-4B1D36818486}.Debug|Any CPU.ActiveCfg = Debug|Any CPU
		{B0DC0B01-3905-44EE-95EA-4B1D36818486}.Debug|Any CPU.Build.0 = Debug|Any CPU
		{B0DC0B01-3905-44EE-95EA-4B1D36818486}.Release|Any CPU.ActiveCfg = Release|Any CPU
		{B0DC0B01-3905-44EE-95EA-4B1D36818486}.Release|Any CPU.Build.0 = Release|Any CPU
	EndGlobalSection
	GlobalSection(SolutionProperties) = preSolution
		HideSolutionNode = FALSE
	EndGlobalSection
	GlobalSection(ExtensibilityGlobals) = postSolution
		SolutionGuid = {0C222E76-0DC4-4116-B89B-7DB859E9020E}
	EndGlobalSection
EndGlobal
